// !$*UTF8*$!
{
	archiveVersion = 1;
	classes = {
	};
	objectVersion = 52;
	objects = {

/* Begin PBXBuildFile section */
		C510E34B26DE4A4B004D4A53 /* Extensions.swift in Sources */ = {isa = PBXBuildFile; fileRef = C510E34A26DE4A4B004D4A53 /* Extensions.swift */; };
		C510E34E26DE57B3004D4A53 /* SlideOverCard in Frameworks */ = {isa = PBXBuildFile; productRef = C510E34D26DE57B3004D4A53 /* SlideOverCard */; };
		C541817A26DADEA500E69BE5 /* SkatScoreboardApp.swift in Sources */ = {isa = PBXBuildFile; fileRef = C541817926DADEA500E69BE5 /* SkatScoreboardApp.swift */; };
		C541817E26DADEA700E69BE5 /* Assets.xcassets in Resources */ = {isa = PBXBuildFile; fileRef = C541817D26DADEA700E69BE5 /* Assets.xcassets */; };
		C541818126DADEA700E69BE5 /* Preview Assets.xcassets in Resources */ = {isa = PBXBuildFile; fileRef = C541818026DADEA700E69BE5 /* Preview Assets.xcassets */; };
		C541818326DADEA700E69BE5 /* Persistence.swift in Sources */ = {isa = PBXBuildFile; fileRef = C541818226DADEA700E69BE5 /* Persistence.swift */; };
		C541818626DADEA700E69BE5 /* SkatScoreboard.xcdatamodeld in Sources */ = {isa = PBXBuildFile; fileRef = C541818426DADEA700E69BE5 /* SkatScoreboard.xcdatamodeld */; };
		C541819126DADEA700E69BE5 /* SkatScoreboardTests.swift in Sources */ = {isa = PBXBuildFile; fileRef = C541819026DADEA700E69BE5 /* SkatScoreboardTests.swift */; };
		C541819C26DADEA700E69BE5 /* SkatScoreboardUITests.swift in Sources */ = {isa = PBXBuildFile; fileRef = C541819B26DADEA700E69BE5 /* SkatScoreboardUITests.swift */; };
		C54181AC26DADF8500E69BE5 /* CloudKit.framework in Frameworks */ = {isa = PBXBuildFile; fileRef = C54181AB26DADF8500E69BE5 /* CloudKit.framework */; };
		C54181AF26DAEBB200E69BE5 /* PreviewContent.swift in Sources */ = {isa = PBXBuildFile; fileRef = C54181AE26DAEBB200E69BE5 /* PreviewContent.swift */; };
		C54181B226DBA26400E69BE5 /* DEOverView.swift in Sources */ = {isa = PBXBuildFile; fileRef = C54181B126DBA26400E69BE5 /* DEOverView.swift */; };
		C54181B426DBA32300E69BE5 /* DEPlayersListView.swift in Sources */ = {isa = PBXBuildFile; fileRef = C54181B326DBA32300E69BE5 /* DEPlayersListView.swift */; };
		C54181B626DBA39300E69BE5 /* ContentView.swift in Sources */ = {isa = PBXBuildFile; fileRef = C54181B526DBA39300E69BE5 /* ContentView.swift */; };
		C543F74526DE7EA100CBCCA8 /* NewScoreboardView.swift in Sources */ = {isa = PBXBuildFile; fileRef = C543F74426DE7EA100CBCCA8 /* NewScoreboardView.swift */; };
		C547B64126DCB25A00BCE904 /* SkatModel.swift in Sources */ = {isa = PBXBuildFile; fileRef = C547B64026DCB25A00BCE904 /* SkatModel.swift */; };
		C547B64326DD65CC00BCE904 /* MainMenuView.swift in Sources */ = {isa = PBXBuildFile; fileRef = C547B64226DD65CC00BCE904 /* MainMenuView.swift */; };
		C547B64526DD6FD600BCE904 /* ApplicationModel.swift in Sources */ = {isa = PBXBuildFile; fileRef = C547B64426DD6FD600BCE904 /* ApplicationModel.swift */; };
		C547B64726DD703400BCE904 /* SwitchedCombinationView.swift in Sources */ = {isa = PBXBuildFile; fileRef = C547B64626DD703400BCE904 /* SwitchedCombinationView.swift */; };
		C547B64A26DD791B00BCE904 /* SkatButtonStyle.swift in Sources */ = {isa = PBXBuildFile; fileRef = C547B64926DD791B00BCE904 /* SkatButtonStyle.swift */; };
		C547B64C26DD7CD700BCE904 /* ExitButtonView.swift in Sources */ = {isa = PBXBuildFile; fileRef = C547B64B26DD7CD700BCE904 /* ExitButtonView.swift */; };
		C547B64F26DD88B400BCE904 /* NSWSelectPointModelView.swift in Sources */ = {isa = PBXBuildFile; fileRef = C547B64E26DD88B400BCE904 /* NSWSelectPointModelView.swift */; };
		C547B65126DD8B2800BCE904 /* NSWSelectPlayersView.swift in Sources */ = {isa = PBXBuildFile; fileRef = C547B65026DD8B2800BCE904 /* NSWSelectPlayersView.swift */; };
		C547B65426DD8BF300BCE904 /* PlayerIcon.swift in Sources */ = {isa = PBXBuildFile; fileRef = C547B65326DD8BF300BCE904 /* PlayerIcon.swift */; };
		C547B65626DD8C3400BCE904 /* PlayerDisplay.swift in Sources */ = {isa = PBXBuildFile; fileRef = C547B65526DD8C3400BCE904 /* PlayerDisplay.swift */; };
		C547B65826DD8D4900BCE904 /* LinesList.swift in Sources */ = {isa = PBXBuildFile; fileRef = C547B65726DD8D4900BCE904 /* LinesList.swift */; };
		C547B65A26DE255600BCE904 /* PlayerCreationView.swift in Sources */ = {isa = PBXBuildFile; fileRef = C547B65926DE255600BCE904 /* PlayerCreationView.swift */; };
		C5A5D22B26DBE21F006D10B9 /* DEPlayerDetailView.swift in Sources */ = {isa = PBXBuildFile; fileRef = C5A5D22A26DBE21F006D10B9 /* DEPlayerDetailView.swift */; };
		C5A5D22D26DBE4F0006D10B9 /* DEScoreboardRowView.swift in Sources */ = {isa = PBXBuildFile; fileRef = C5A5D22C26DBE4F0006D10B9 /* DEScoreboardRowView.swift */; };
		C5A5D22F26DBE597006D10B9 /* DEPlayerRowView.swift in Sources */ = {isa = PBXBuildFile; fileRef = C5A5D22E26DBE597006D10B9 /* DEPlayerRowView.swift */; };
		C5A5D23126DBE697006D10B9 /* DEGameRowView.swift in Sources */ = {isa = PBXBuildFile; fileRef = C5A5D23026DBE697006D10B9 /* DEGameRowView.swift */; };
		C5A5D23326DBE7B9006D10B9 /* DEGamesListView.swift in Sources */ = {isa = PBXBuildFile; fileRef = C5A5D23226DBE7B9006D10B9 /* DEGamesListView.swift */; };
		C5A5D23526DBE8B2006D10B9 /* DEGameDetailView.swift in Sources */ = {isa = PBXBuildFile; fileRef = C5A5D23426DBE8B2006D10B9 /* DEGameDetailView.swift */; };
		C5EBCF8226DBC61E003B2630 /* DEScoreboardsListView.swift in Sources */ = {isa = PBXBuildFile; fileRef = C5EBCF8126DBC61E003B2630 /* DEScoreboardsListView.swift */; };
		C5EBCF8426DBD735003B2630 /* DEScoreboardDetailView.swift in Sources */ = {isa = PBXBuildFile; fileRef = C5EBCF8326DBD735003B2630 /* DEScoreboardDetailView.swift */; };
/* End PBXBuildFile section */

/* Begin PBXContainerItemProxy section */
		C541818D26DADEA700E69BE5 /* PBXContainerItemProxy */ = {
			isa = PBXContainerItemProxy;
			containerPortal = C541816E26DADEA500E69BE5 /* Project object */;
			proxyType = 1;
			remoteGlobalIDString = C541817526DADEA500E69BE5;
			remoteInfo = SkatScoreboard;
		};
		C541819826DADEA700E69BE5 /* PBXContainerItemProxy */ = {
			isa = PBXContainerItemProxy;
			containerPortal = C541816E26DADEA500E69BE5 /* Project object */;
			proxyType = 1;
			remoteGlobalIDString = C541817526DADEA500E69BE5;
			remoteInfo = SkatScoreboard;
		};
/* End PBXContainerItemProxy section */

/* Begin PBXFileReference section */
		C510E34A26DE4A4B004D4A53 /* Extensions.swift */ = {isa = PBXFileReference; lastKnownFileType = sourcecode.swift; path = Extensions.swift; sourceTree = "<group>"; };
		C541817626DADEA500E69BE5 /* SkatScoreboard.app */ = {isa = PBXFileReference; explicitFileType = wrapper.application; includeInIndex = 0; path = SkatScoreboard.app; sourceTree = BUILT_PRODUCTS_DIR; };
		C541817926DADEA500E69BE5 /* SkatScoreboardApp.swift */ = {isa = PBXFileReference; lastKnownFileType = sourcecode.swift; path = SkatScoreboardApp.swift; sourceTree = "<group>"; };
		C541817D26DADEA700E69BE5 /* Assets.xcassets */ = {isa = PBXFileReference; lastKnownFileType = folder.assetcatalog; path = Assets.xcassets; sourceTree = "<group>"; };
		C541818026DADEA700E69BE5 /* Preview Assets.xcassets */ = {isa = PBXFileReference; lastKnownFileType = folder.assetcatalog; path = "Preview Assets.xcassets"; sourceTree = "<group>"; };
		C541818226DADEA700E69BE5 /* Persistence.swift */ = {isa = PBXFileReference; lastKnownFileType = sourcecode.swift; path = Persistence.swift; sourceTree = "<group>"; };
		C541818526DADEA700E69BE5 /* SkatScoreboard.xcdatamodel */ = {isa = PBXFileReference; lastKnownFileType = wrapper.xcdatamodel; path = SkatScoreboard.xcdatamodel; sourceTree = "<group>"; };
		C541818726DADEA700E69BE5 /* Info.plist */ = {isa = PBXFileReference; lastKnownFileType = text.plist.xml; path = Info.plist; sourceTree = "<group>"; };
		C541818C26DADEA700E69BE5 /* SkatScoreboardTests.xctest */ = {isa = PBXFileReference; explicitFileType = wrapper.cfbundle; includeInIndex = 0; path = SkatScoreboardTests.xctest; sourceTree = BUILT_PRODUCTS_DIR; };
		C541819026DADEA700E69BE5 /* SkatScoreboardTests.swift */ = {isa = PBXFileReference; lastKnownFileType = sourcecode.swift; path = SkatScoreboardTests.swift; sourceTree = "<group>"; };
		C541819226DADEA700E69BE5 /* Info.plist */ = {isa = PBXFileReference; lastKnownFileType = text.plist.xml; path = Info.plist; sourceTree = "<group>"; };
		C541819726DADEA700E69BE5 /* SkatScoreboardUITests.xctest */ = {isa = PBXFileReference; explicitFileType = wrapper.cfbundle; includeInIndex = 0; path = SkatScoreboardUITests.xctest; sourceTree = BUILT_PRODUCTS_DIR; };
		C541819B26DADEA700E69BE5 /* SkatScoreboardUITests.swift */ = {isa = PBXFileReference; lastKnownFileType = sourcecode.swift; path = SkatScoreboardUITests.swift; sourceTree = "<group>"; };
		C541819D26DADEA700E69BE5 /* Info.plist */ = {isa = PBXFileReference; lastKnownFileType = text.plist.xml; path = Info.plist; sourceTree = "<group>"; };
		C54181A926DADF4700E69BE5 /* SkatScoreboard.entitlements */ = {isa = PBXFileReference; lastKnownFileType = text.plist.entitlements; path = SkatScoreboard.entitlements; sourceTree = "<group>"; };
		C54181AB26DADF8500E69BE5 /* CloudKit.framework */ = {isa = PBXFileReference; lastKnownFileType = wrapper.framework; name = CloudKit.framework; path = System/Library/Frameworks/CloudKit.framework; sourceTree = SDKROOT; };
		C54181AE26DAEBB200E69BE5 /* PreviewContent.swift */ = {isa = PBXFileReference; lastKnownFileType = sourcecode.swift; path = PreviewContent.swift; sourceTree = "<group>"; };
		C54181B126DBA26400E69BE5 /* DEOverView.swift */ = {isa = PBXFileReference; lastKnownFileType = sourcecode.swift; path = DEOverView.swift; sourceTree = "<group>"; };
		C54181B326DBA32300E69BE5 /* DEPlayersListView.swift */ = {isa = PBXFileReference; lastKnownFileType = sourcecode.swift; path = DEPlayersListView.swift; sourceTree = "<group>"; };
		C54181B526DBA39300E69BE5 /* ContentView.swift */ = {isa = PBXFileReference; lastKnownFileType = sourcecode.swift; path = ContentView.swift; sourceTree = "<group>"; };
		C543F74426DE7EA100CBCCA8 /* NewScoreboardView.swift */ = {isa = PBXFileReference; lastKnownFileType = sourcecode.swift; path = NewScoreboardView.swift; sourceTree = "<group>"; };
		C547B64026DCB25A00BCE904 /* SkatModel.swift */ = {isa = PBXFileReference; lastKnownFileType = sourcecode.swift; path = SkatModel.swift; sourceTree = "<group>"; };
		C547B64226DD65CC00BCE904 /* MainMenuView.swift */ = {isa = PBXFileReference; lastKnownFileType = sourcecode.swift; path = MainMenuView.swift; sourceTree = "<group>"; };
		C547B64426DD6FD600BCE904 /* ApplicationModel.swift */ = {isa = PBXFileReference; lastKnownFileType = sourcecode.swift; name = ApplicationModel.swift; path = ../../../../../../../../Applications/ApplicationModel.swift; sourceTree = "<group>"; };
		C547B64626DD703400BCE904 /* SwitchedCombinationView.swift */ = {isa = PBXFileReference; lastKnownFileType = sourcecode.swift; path = SwitchedCombinationView.swift; sourceTree = "<group>"; };
		C547B64926DD791B00BCE904 /* SkatButtonStyle.swift */ = {isa = PBXFileReference; lastKnownFileType = sourcecode.swift; path = SkatButtonStyle.swift; sourceTree = "<group>"; };
		C547B64B26DD7CD700BCE904 /* ExitButtonView.swift */ = {isa = PBXFileReference; lastKnownFileType = sourcecode.swift; path = ExitButtonView.swift; sourceTree = "<group>"; };
		C547B64E26DD88B400BCE904 /* NSWSelectPointModelView.swift */ = {isa = PBXFileReference; lastKnownFileType = sourcecode.swift; path = NSWSelectPointModelView.swift; sourceTree = "<group>"; };
		C547B65026DD8B2800BCE904 /* NSWSelectPlayersView.swift */ = {isa = PBXFileReference; lastKnownFileType = sourcecode.swift; path = NSWSelectPlayersView.swift; sourceTree = "<group>"; };
		C547B65326DD8BF300BCE904 /* PlayerIcon.swift */ = {isa = PBXFileReference; fileEncoding = 4; lastKnownFileType = sourcecode.swift; path = PlayerIcon.swift; sourceTree = "<group>"; };
		C547B65526DD8C3400BCE904 /* PlayerDisplay.swift */ = {isa = PBXFileReference; fileEncoding = 4; lastKnownFileType = sourcecode.swift; path = PlayerDisplay.swift; sourceTree = "<group>"; };
		C547B65726DD8D4900BCE904 /* LinesList.swift */ = {isa = PBXFileReference; fileEncoding = 4; lastKnownFileType = sourcecode.swift; path = LinesList.swift; sourceTree = "<group>"; };
		C547B65926DE255600BCE904 /* PlayerCreationView.swift */ = {isa = PBXFileReference; lastKnownFileType = sourcecode.swift; path = PlayerCreationView.swift; sourceTree = "<group>"; };
		C5A5D22A26DBE21F006D10B9 /* DEPlayerDetailView.swift */ = {isa = PBXFileReference; lastKnownFileType = sourcecode.swift; path = DEPlayerDetailView.swift; sourceTree = "<group>"; };
		C5A5D22C26DBE4F0006D10B9 /* DEScoreboardRowView.swift */ = {isa = PBXFileReference; lastKnownFileType = sourcecode.swift; path = DEScoreboardRowView.swift; sourceTree = "<group>"; };
		C5A5D22E26DBE597006D10B9 /* DEPlayerRowView.swift */ = {isa = PBXFileReference; lastKnownFileType = sourcecode.swift; path = DEPlayerRowView.swift; sourceTree = "<group>"; };
		C5A5D23026DBE697006D10B9 /* DEGameRowView.swift */ = {isa = PBXFileReference; lastKnownFileType = sourcecode.swift; path = DEGameRowView.swift; sourceTree = "<group>"; };
		C5A5D23226DBE7B9006D10B9 /* DEGamesListView.swift */ = {isa = PBXFileReference; lastKnownFileType = sourcecode.swift; path = DEGamesListView.swift; sourceTree = "<group>"; };
		C5A5D23426DBE8B2006D10B9 /* DEGameDetailView.swift */ = {isa = PBXFileReference; lastKnownFileType = sourcecode.swift; path = DEGameDetailView.swift; sourceTree = "<group>"; };
		C5EBCF8126DBC61E003B2630 /* DEScoreboardsListView.swift */ = {isa = PBXFileReference; lastKnownFileType = sourcecode.swift; path = DEScoreboardsListView.swift; sourceTree = "<group>"; };
		C5EBCF8326DBD735003B2630 /* DEScoreboardDetailView.swift */ = {isa = PBXFileReference; lastKnownFileType = sourcecode.swift; path = DEScoreboardDetailView.swift; sourceTree = "<group>"; };
/* End PBXFileReference section */

/* Begin PBXFrameworksBuildPhase section */
		C541817326DADEA500E69BE5 /* Frameworks */ = {
			isa = PBXFrameworksBuildPhase;
			buildActionMask = 2147483647;
			files = (
				C510E34E26DE57B3004D4A53 /* SlideOverCard in Frameworks */,
				C54181AC26DADF8500E69BE5 /* CloudKit.framework in Frameworks */,
			);
			runOnlyForDeploymentPostprocessing = 0;
		};
		C541818926DADEA700E69BE5 /* Frameworks */ = {
			isa = PBXFrameworksBuildPhase;
			buildActionMask = 2147483647;
			files = (
			);
			runOnlyForDeploymentPostprocessing = 0;
		};
		C541819426DADEA700E69BE5 /* Frameworks */ = {
			isa = PBXFrameworksBuildPhase;
			buildActionMask = 2147483647;
			files = (
			);
			runOnlyForDeploymentPostprocessing = 0;
		};
/* End PBXFrameworksBuildPhase section */

/* Begin PBXGroup section */
		C541816D26DADEA500E69BE5 = {
			isa = PBXGroup;
			children = (
				C541817826DADEA500E69BE5 /* SkatScoreboard */,
				C541818F26DADEA700E69BE5 /* SkatScoreboardTests */,
				C541819A26DADEA700E69BE5 /* SkatScoreboardUITests */,
				C541817726DADEA500E69BE5 /* Products */,
				C54181AA26DADF8500E69BE5 /* Frameworks */,
			);
			sourceTree = "<group>";
		};
		C541817726DADEA500E69BE5 /* Products */ = {
			isa = PBXGroup;
			children = (
				C541817626DADEA500E69BE5 /* SkatScoreboard.app */,
				C541818C26DADEA700E69BE5 /* SkatScoreboardTests.xctest */,
				C541819726DADEA700E69BE5 /* SkatScoreboardUITests.xctest */,
			);
			name = Products;
			sourceTree = "<group>";
		};
		C541817826DADEA500E69BE5 /* SkatScoreboard */ = {
			isa = PBXGroup;
			children = (
				C541817926DADEA500E69BE5 /* SkatScoreboardApp.swift */,
				C54181AD26DAE47300E69BE5 /* Views */,
				C547B63F26DCB22B00BCE904 /* Model */,
				C541817D26DADEA700E69BE5 /* Assets.xcassets */,
				C541818226DADEA700E69BE5 /* Persistence.swift */,
				C541818726DADEA700E69BE5 /* Info.plist */,
				C541818426DADEA700E69BE5 /* SkatScoreboard.xcdatamodeld */,
				C54181A926DADF4700E69BE5 /* SkatScoreboard.entitlements */,
				C541817F26DADEA700E69BE5 /* Preview Content */,
			);
			path = SkatScoreboard;
			sourceTree = "<group>";
		};
		C541817F26DADEA700E69BE5 /* Preview Content */ = {
			isa = PBXGroup;
			children = (
				C54181AE26DAEBB200E69BE5 /* PreviewContent.swift */,
				C541818026DADEA700E69BE5 /* Preview Assets.xcassets */,
			);
			path = "Preview Content";
			sourceTree = "<group>";
		};
		C541818F26DADEA700E69BE5 /* SkatScoreboardTests */ = {
			isa = PBXGroup;
			children = (
				C541819026DADEA700E69BE5 /* SkatScoreboardTests.swift */,
				C541819226DADEA700E69BE5 /* Info.plist */,
			);
			path = SkatScoreboardTests;
			sourceTree = "<group>";
		};
		C541819A26DADEA700E69BE5 /* SkatScoreboardUITests */ = {
			isa = PBXGroup;
			children = (
				C541819B26DADEA700E69BE5 /* SkatScoreboardUITests.swift */,
				C541819D26DADEA700E69BE5 /* Info.plist */,
			);
			path = SkatScoreboardUITests;
			sourceTree = "<group>";
		};
		C54181AA26DADF8500E69BE5 /* Frameworks */ = {
			isa = PBXGroup;
			children = (
				C54181AB26DADF8500E69BE5 /* CloudKit.framework */,
			);
			name = Frameworks;
			sourceTree = "<group>";
		};
		C54181AD26DAE47300E69BE5 /* Views */ = {
			isa = PBXGroup;
			children = (
				C54181B526DBA39300E69BE5 /* ContentView.swift */,
				C547B64626DD703400BCE904 /* SwitchedCombinationView.swift */,
				C547B64226DD65CC00BCE904 /* MainMenuView.swift */,
				C547B64D26DD888D00BCE904 /* NewScoreboardWizard */,
				C547B65226DD8BBB00BCE904 /* Player */,
				C547B64826DD778A00BCE904 /* Controls */,
				C54181B026DBA24900E69BE5 /* Explorer */,
			);
			path = Views;
			sourceTree = "<group>";
		};
		C54181B026DBA24900E69BE5 /* Explorer */ = {
			isa = PBXGroup;
			children = (
				C54181B126DBA26400E69BE5 /* DEOverView.swift */,
				C5EBCF8126DBC61E003B2630 /* DEScoreboardsListView.swift */,
				C5EBCF8326DBD735003B2630 /* DEScoreboardDetailView.swift */,
				C5A5D22C26DBE4F0006D10B9 /* DEScoreboardRowView.swift */,
				C54181B326DBA32300E69BE5 /* DEPlayersListView.swift */,
				C5A5D22A26DBE21F006D10B9 /* DEPlayerDetailView.swift */,
				C5A5D22E26DBE597006D10B9 /* DEPlayerRowView.swift */,
				C5A5D23226DBE7B9006D10B9 /* DEGamesListView.swift */,
				C5A5D23426DBE8B2006D10B9 /* DEGameDetailView.swift */,
				C5A5D23026DBE697006D10B9 /* DEGameRowView.swift */,
			);
			path = Explorer;
			sourceTree = "<group>";
		};
		C547B63F26DCB22B00BCE904 /* Model */ = {
			isa = PBXGroup;
			children = (
				C547B64426DD6FD600BCE904 /* ApplicationModel.swift */,
				C547B64026DCB25A00BCE904 /* SkatModel.swift */,
				C510E34A26DE4A4B004D4A53 /* Extensions.swift */,
			);
			path = Model;
			sourceTree = "<group>";
		};
		C547B64826DD778A00BCE904 /* Controls */ = {
			isa = PBXGroup;
			children = (
				C547B64926DD791B00BCE904 /* SkatButtonStyle.swift */,
				C547B64B26DD7CD700BCE904 /* ExitButtonView.swift */,
				C547B65726DD8D4900BCE904 /* LinesList.swift */,
			);
			path = Controls;
			sourceTree = "<group>";
		};
		C547B64D26DD888D00BCE904 /* NewScoreboardWizard */ = {
			isa = PBXGroup;
			children = (
				C543F74426DE7EA100CBCCA8 /* NewScoreboardView.swift */,
				C547B65026DD8B2800BCE904 /* NSWSelectPlayersView.swift */,
				C547B64E26DD88B400BCE904 /* NSWSelectPointModelView.swift */,
			);
			path = NewScoreboardWizard;
			sourceTree = "<group>";
		};
		C547B65226DD8BBB00BCE904 /* Player */ = {
			isa = PBXGroup;
			children = (
				C547B65926DE255600BCE904 /* PlayerCreationView.swift */,
				C547B65326DD8BF300BCE904 /* PlayerIcon.swift */,
				C547B65526DD8C3400BCE904 /* PlayerDisplay.swift */,
			);
			path = Player;
			sourceTree = "<group>";
		};
/* End PBXGroup section */

/* Begin PBXNativeTarget section */
		C541817526DADEA500E69BE5 /* SkatScoreboard */ = {
			isa = PBXNativeTarget;
			buildConfigurationList = C54181A026DADEA700E69BE5 /* Build configuration list for PBXNativeTarget "SkatScoreboard" */;
			buildPhases = (
				C541817226DADEA500E69BE5 /* Sources */,
				C541817326DADEA500E69BE5 /* Frameworks */,
				C541817426DADEA500E69BE5 /* Resources */,
			);
			buildRules = (
			);
			dependencies = (
			);
			name = SkatScoreboard;
			packageProductDependencies = (
				C510E34D26DE57B3004D4A53 /* SlideOverCard */,
			);
			productName = SkatScoreboard;
			productReference = C541817626DADEA500E69BE5 /* SkatScoreboard.app */;
			productType = "com.apple.product-type.application";
		};
		C541818B26DADEA700E69BE5 /* SkatScoreboardTests */ = {
			isa = PBXNativeTarget;
			buildConfigurationList = C54181A326DADEA700E69BE5 /* Build configuration list for PBXNativeTarget "SkatScoreboardTests" */;
			buildPhases = (
				C541818826DADEA700E69BE5 /* Sources */,
				C541818926DADEA700E69BE5 /* Frameworks */,
				C541818A26DADEA700E69BE5 /* Resources */,
			);
			buildRules = (
			);
			dependencies = (
				C541818E26DADEA700E69BE5 /* PBXTargetDependency */,
			);
			name = SkatScoreboardTests;
			productName = SkatScoreboardTests;
			productReference = C541818C26DADEA700E69BE5 /* SkatScoreboardTests.xctest */;
			productType = "com.apple.product-type.bundle.unit-test";
		};
		C541819626DADEA700E69BE5 /* SkatScoreboardUITests */ = {
			isa = PBXNativeTarget;
			buildConfigurationList = C54181A626DADEA700E69BE5 /* Build configuration list for PBXNativeTarget "SkatScoreboardUITests" */;
			buildPhases = (
				C541819326DADEA700E69BE5 /* Sources */,
				C541819426DADEA700E69BE5 /* Frameworks */,
				C541819526DADEA700E69BE5 /* Resources */,
			);
			buildRules = (
			);
			dependencies = (
				C541819926DADEA700E69BE5 /* PBXTargetDependency */,
			);
			name = SkatScoreboardUITests;
			productName = SkatScoreboardUITests;
			productReference = C541819726DADEA700E69BE5 /* SkatScoreboardUITests.xctest */;
			productType = "com.apple.product-type.bundle.ui-testing";
		};
/* End PBXNativeTarget section */

/* Begin PBXProject section */
		C541816E26DADEA500E69BE5 /* Project object */ = {
			isa = PBXProject;
			attributes = {
				LastSwiftUpdateCheck = 1250;
				LastUpgradeCheck = 1250;
				TargetAttributes = {
					C541817526DADEA500E69BE5 = {
						CreatedOnToolsVersion = 12.5.1;
					};
					C541818B26DADEA700E69BE5 = {
						CreatedOnToolsVersion = 12.5.1;
						TestTargetID = C541817526DADEA500E69BE5;
					};
					C541819626DADEA700E69BE5 = {
						CreatedOnToolsVersion = 12.5.1;
						TestTargetID = C541817526DADEA500E69BE5;
					};
				};
			};
			buildConfigurationList = C541817126DADEA500E69BE5 /* Build configuration list for PBXProject "SkatScoreboard" */;
			compatibilityVersion = "Xcode 9.3";
			developmentRegion = en;
			hasScannedForEncodings = 0;
			knownRegions = (
				en,
				Base,
			);
			mainGroup = C541816D26DADEA500E69BE5;
			packageReferences = (
				C510E34C26DE57B3004D4A53 /* XCRemoteSwiftPackageReference "SlideOverCard" */,
			);
			productRefGroup = C541817726DADEA500E69BE5 /* Products */;
			projectDirPath = "";
			projectRoot = "";
			targets = (
				C541817526DADEA500E69BE5 /* SkatScoreboard */,
				C541818B26DADEA700E69BE5 /* SkatScoreboardTests */,
				C541819626DADEA700E69BE5 /* SkatScoreboardUITests */,
			);
		};
/* End PBXProject section */

/* Begin PBXResourcesBuildPhase section */
		C541817426DADEA500E69BE5 /* Resources */ = {
			isa = PBXResourcesBuildPhase;
			buildActionMask = 2147483647;
			files = (
				C541818126DADEA700E69BE5 /* Preview Assets.xcassets in Resources */,
				C541817E26DADEA700E69BE5 /* Assets.xcassets in Resources */,
			);
			runOnlyForDeploymentPostprocessing = 0;
		};
		C541818A26DADEA700E69BE5 /* Resources */ = {
			isa = PBXResourcesBuildPhase;
			buildActionMask = 2147483647;
			files = (
			);
			runOnlyForDeploymentPostprocessing = 0;
		};
		C541819526DADEA700E69BE5 /* Resources */ = {
			isa = PBXResourcesBuildPhase;
			buildActionMask = 2147483647;
			files = (
			);
			runOnlyForDeploymentPostprocessing = 0;
		};
/* End PBXResourcesBuildPhase section */

/* Begin PBXSourcesBuildPhase section */
		C541817226DADEA500E69BE5 /* Sources */ = {
			isa = PBXSourcesBuildPhase;
			buildActionMask = 2147483647;
			files = (
				C54181B426DBA32300E69BE5 /* DEPlayersListView.swift in Sources */,
				C54181AF26DAEBB200E69BE5 /* PreviewContent.swift in Sources */,
				C547B64F26DD88B400BCE904 /* NSWSelectPointModelView.swift in Sources */,
				C547B65826DD8D4900BCE904 /* LinesList.swift in Sources */,
				C547B65A26DE255600BCE904 /* PlayerCreationView.swift in Sources */,
				C54181B626DBA39300E69BE5 /* ContentView.swift in Sources */,
				C543F74526DE7EA100CBCCA8 /* NewScoreboardView.swift in Sources */,
				C5A5D23326DBE7B9006D10B9 /* DEGamesListView.swift in Sources */,
				C547B65126DD8B2800BCE904 /* NSWSelectPlayersView.swift in Sources */,
				C547B64726DD703400BCE904 /* SwitchedCombinationView.swift in Sources */,
				C5EBCF8426DBD735003B2630 /* DEScoreboardDetailView.swift in Sources */,
				C5A5D23126DBE697006D10B9 /* DEGameRowView.swift in Sources */,
				C5A5D22D26DBE4F0006D10B9 /* DEScoreboardRowView.swift in Sources */,
				C541818326DADEA700E69BE5 /* Persistence.swift in Sources */,
				C541818626DADEA700E69BE5 /* SkatScoreboard.xcdatamodeld in Sources */,
				C5EBCF8226DBC61E003B2630 /* DEScoreboardsListView.swift in Sources */,
				C547B64A26DD791B00BCE904 /* SkatButtonStyle.swift in Sources */,
				C5A5D23526DBE8B2006D10B9 /* DEGameDetailView.swift in Sources */,
				C547B64326DD65CC00BCE904 /* MainMenuView.swift in Sources */,
				C547B64526DD6FD600BCE904 /* ApplicationModel.swift in Sources */,
				C547B65426DD8BF300BCE904 /* PlayerIcon.swift in Sources */,
				C5A5D22B26DBE21F006D10B9 /* DEPlayerDetailView.swift in Sources */,
				C5A5D22F26DBE597006D10B9 /* DEPlayerRowView.swift in Sources */,
				C54181B226DBA26400E69BE5 /* DEOverView.swift in Sources */,
				C547B65626DD8C3400BCE904 /* PlayerDisplay.swift in Sources */,
				C547B64126DCB25A00BCE904 /* SkatModel.swift in Sources */,
				C547B64C26DD7CD700BCE904 /* ExitButtonView.swift in Sources */,
				C541817A26DADEA500E69BE5 /* SkatScoreboardApp.swift in Sources */,
				C510E34B26DE4A4B004D4A53 /* Extensions.swift in Sources */,
			);
			runOnlyForDeploymentPostprocessing = 0;
		};
		C541818826DADEA700E69BE5 /* Sources */ = {
			isa = PBXSourcesBuildPhase;
			buildActionMask = 2147483647;
			files = (
				C541819126DADEA700E69BE5 /* SkatScoreboardTests.swift in Sources */,
			);
			runOnlyForDeploymentPostprocessing = 0;
		};
		C541819326DADEA700E69BE5 /* Sources */ = {
			isa = PBXSourcesBuildPhase;
			buildActionMask = 2147483647;
			files = (
				C541819C26DADEA700E69BE5 /* SkatScoreboardUITests.swift in Sources */,
			);
			runOnlyForDeploymentPostprocessing = 0;
		};
/* End PBXSourcesBuildPhase section */

/* Begin PBXTargetDependency section */
		C541818E26DADEA700E69BE5 /* PBXTargetDependency */ = {
			isa = PBXTargetDependency;
			target = C541817526DADEA500E69BE5 /* SkatScoreboard */;
			targetProxy = C541818D26DADEA700E69BE5 /* PBXContainerItemProxy */;
		};
		C541819926DADEA700E69BE5 /* PBXTargetDependency */ = {
			isa = PBXTargetDependency;
			target = C541817526DADEA500E69BE5 /* SkatScoreboard */;
			targetProxy = C541819826DADEA700E69BE5 /* PBXContainerItemProxy */;
		};
/* End PBXTargetDependency section */

/* Begin XCBuildConfiguration section */
		C541819E26DADEA700E69BE5 /* Debug */ = {
			isa = XCBuildConfiguration;
			buildSettings = {
				ALWAYS_SEARCH_USER_PATHS = NO;
				CLANG_ANALYZER_NONNULL = YES;
				CLANG_ANALYZER_NUMBER_OBJECT_CONVERSION = YES_AGGRESSIVE;
				CLANG_CXX_LANGUAGE_STANDARD = "gnu++14";
				CLANG_CXX_LIBRARY = "libc++";
				CLANG_ENABLE_MODULES = YES;
				CLANG_ENABLE_OBJC_ARC = YES;
				CLANG_ENABLE_OBJC_WEAK = YES;
				CLANG_WARN_BLOCK_CAPTURE_AUTORELEASING = YES;
				CLANG_WARN_BOOL_CONVERSION = YES;
				CLANG_WARN_COMMA = YES;
				CLANG_WARN_CONSTANT_CONVERSION = YES;
				CLANG_WARN_DEPRECATED_OBJC_IMPLEMENTATIONS = YES;
				CLANG_WARN_DIRECT_OBJC_ISA_USAGE = YES_ERROR;
				CLANG_WARN_DOCUMENTATION_COMMENTS = YES;
				CLANG_WARN_EMPTY_BODY = YES;
				CLANG_WARN_ENUM_CONVERSION = YES;
				CLANG_WARN_INFINITE_RECURSION = YES;
				CLANG_WARN_INT_CONVERSION = YES;
				CLANG_WARN_NON_LITERAL_NULL_CONVERSION = YES;
				CLANG_WARN_OBJC_IMPLICIT_RETAIN_SELF = YES;
				CLANG_WARN_OBJC_LITERAL_CONVERSION = YES;
				CLANG_WARN_OBJC_ROOT_CLASS = YES_ERROR;
				CLANG_WARN_QUOTED_INCLUDE_IN_FRAMEWORK_HEADER = YES;
				CLANG_WARN_RANGE_LOOP_ANALYSIS = YES;
				CLANG_WARN_STRICT_PROTOTYPES = YES;
				CLANG_WARN_SUSPICIOUS_MOVE = YES;
				CLANG_WARN_UNGUARDED_AVAILABILITY = YES_AGGRESSIVE;
				CLANG_WARN_UNREACHABLE_CODE = YES;
				CLANG_WARN__DUPLICATE_METHOD_MATCH = YES;
				COPY_PHASE_STRIP = NO;
				DEBUG_INFORMATION_FORMAT = dwarf;
				ENABLE_STRICT_OBJC_MSGSEND = YES;
				ENABLE_TESTABILITY = YES;
				GCC_C_LANGUAGE_STANDARD = gnu11;
				GCC_DYNAMIC_NO_PIC = NO;
				GCC_NO_COMMON_BLOCKS = YES;
				GCC_OPTIMIZATION_LEVEL = 0;
				GCC_PREPROCESSOR_DEFINITIONS = (
					"DEBUG=1",
					"$(inherited)",
				);
				GCC_WARN_64_TO_32_BIT_CONVERSION = YES;
				GCC_WARN_ABOUT_RETURN_TYPE = YES_ERROR;
				GCC_WARN_UNDECLARED_SELECTOR = YES;
				GCC_WARN_UNINITIALIZED_AUTOS = YES_AGGRESSIVE;
				GCC_WARN_UNUSED_FUNCTION = YES;
				GCC_WARN_UNUSED_VARIABLE = YES;
				IPHONEOS_DEPLOYMENT_TARGET = 14.5;
				MTL_ENABLE_DEBUG_INFO = INCLUDE_SOURCE;
				MTL_FAST_MATH = YES;
				ONLY_ACTIVE_ARCH = YES;
				SDKROOT = iphoneos;
				SWIFT_ACTIVE_COMPILATION_CONDITIONS = DEBUG;
				SWIFT_OPTIMIZATION_LEVEL = "-Onone";
			};
			name = Debug;
		};
		C541819F26DADEA700E69BE5 /* Release */ = {
			isa = XCBuildConfiguration;
			buildSettings = {
				ALWAYS_SEARCH_USER_PATHS = NO;
				CLANG_ANALYZER_NONNULL = YES;
				CLANG_ANALYZER_NUMBER_OBJECT_CONVERSION = YES_AGGRESSIVE;
				CLANG_CXX_LANGUAGE_STANDARD = "gnu++14";
				CLANG_CXX_LIBRARY = "libc++";
				CLANG_ENABLE_MODULES = YES;
				CLANG_ENABLE_OBJC_ARC = YES;
				CLANG_ENABLE_OBJC_WEAK = YES;
				CLANG_WARN_BLOCK_CAPTURE_AUTORELEASING = YES;
				CLANG_WARN_BOOL_CONVERSION = YES;
				CLANG_WARN_COMMA = YES;
				CLANG_WARN_CONSTANT_CONVERSION = YES;
				CLANG_WARN_DEPRECATED_OBJC_IMPLEMENTATIONS = YES;
				CLANG_WARN_DIRECT_OBJC_ISA_USAGE = YES_ERROR;
				CLANG_WARN_DOCUMENTATION_COMMENTS = YES;
				CLANG_WARN_EMPTY_BODY = YES;
				CLANG_WARN_ENUM_CONVERSION = YES;
				CLANG_WARN_INFINITE_RECURSION = YES;
				CLANG_WARN_INT_CONVERSION = YES;
				CLANG_WARN_NON_LITERAL_NULL_CONVERSION = YES;
				CLANG_WARN_OBJC_IMPLICIT_RETAIN_SELF = YES;
				CLANG_WARN_OBJC_LITERAL_CONVERSION = YES;
				CLANG_WARN_OBJC_ROOT_CLASS = YES_ERROR;
				CLANG_WARN_QUOTED_INCLUDE_IN_FRAMEWORK_HEADER = YES;
				CLANG_WARN_RANGE_LOOP_ANALYSIS = YES;
				CLANG_WARN_STRICT_PROTOTYPES = YES;
				CLANG_WARN_SUSPICIOUS_MOVE = YES;
				CLANG_WARN_UNGUARDED_AVAILABILITY = YES_AGGRESSIVE;
				CLANG_WARN_UNREACHABLE_CODE = YES;
				CLANG_WARN__DUPLICATE_METHOD_MATCH = YES;
				COPY_PHASE_STRIP = NO;
				DEBUG_INFORMATION_FORMAT = "dwarf-with-dsym";
				ENABLE_NS_ASSERTIONS = NO;
				ENABLE_STRICT_OBJC_MSGSEND = YES;
				GCC_C_LANGUAGE_STANDARD = gnu11;
				GCC_NO_COMMON_BLOCKS = YES;
				GCC_WARN_64_TO_32_BIT_CONVERSION = YES;
				GCC_WARN_ABOUT_RETURN_TYPE = YES_ERROR;
				GCC_WARN_UNDECLARED_SELECTOR = YES;
				GCC_WARN_UNINITIALIZED_AUTOS = YES_AGGRESSIVE;
				GCC_WARN_UNUSED_FUNCTION = YES;
				GCC_WARN_UNUSED_VARIABLE = YES;
				IPHONEOS_DEPLOYMENT_TARGET = 14.5;
				MTL_ENABLE_DEBUG_INFO = NO;
				MTL_FAST_MATH = YES;
				SDKROOT = iphoneos;
				SWIFT_COMPILATION_MODE = wholemodule;
				SWIFT_OPTIMIZATION_LEVEL = "-O";
				VALIDATE_PRODUCT = YES;
			};
			name = Release;
		};
		C54181A126DADEA700E69BE5 /* Debug */ = {
			isa = XCBuildConfiguration;
			buildSettings = {
				ASSETCATALOG_COMPILER_APPICON_NAME = AppIcon;
				ASSETCATALOG_COMPILER_GLOBAL_ACCENT_COLOR_NAME = AccentColor;
				CODE_SIGN_ENTITLEMENTS = SkatScoreboard/SkatScoreboard.entitlements;
				CODE_SIGN_STYLE = Automatic;
				CURRENT_PROJECT_VERSION = 1;
				DEVELOPMENT_ASSET_PATHS = "\"SkatScoreboard/Preview Content\"";
				DEVELOPMENT_TEAM = NBA2M3HYSW;
				ENABLE_PREVIEWS = YES;
				INFOPLIST_FILE = SkatScoreboard/Info.plist;
				IPHONEOS_DEPLOYMENT_TARGET = 14.0;
				LD_RUNPATH_SEARCH_PATHS = (
					"$(inherited)",
					"@executable_path/Frameworks",
				);
				PRODUCT_BUNDLE_IDENTIFIER = org.olafneumann.SkatScoreboard;
				PRODUCT_NAME = "$(TARGET_NAME)";
				SWIFT_VERSION = 5.0;
				TARGETED_DEVICE_FAMILY = "1,2";
			};
			name = Debug;
		};
		C54181A226DADEA700E69BE5 /* Release */ = {
			isa = XCBuildConfiguration;
			buildSettings = {
				ASSETCATALOG_COMPILER_APPICON_NAME = AppIcon;
				ASSETCATALOG_COMPILER_GLOBAL_ACCENT_COLOR_NAME = AccentColor;
				CODE_SIGN_ENTITLEMENTS = SkatScoreboard/SkatScoreboard.entitlements;
				CODE_SIGN_STYLE = Automatic;
				CURRENT_PROJECT_VERSION = 1;
				DEVELOPMENT_ASSET_PATHS = "\"SkatScoreboard/Preview Content\"";
				DEVELOPMENT_TEAM = NBA2M3HYSW;
				ENABLE_PREVIEWS = YES;
				INFOPLIST_FILE = SkatScoreboard/Info.plist;
				IPHONEOS_DEPLOYMENT_TARGET = 14.0;
				LD_RUNPATH_SEARCH_PATHS = (
					"$(inherited)",
					"@executable_path/Frameworks",
				);
				PRODUCT_BUNDLE_IDENTIFIER = org.olafneumann.SkatScoreboard;
				PRODUCT_NAME = "$(TARGET_NAME)";
				SWIFT_VERSION = 5.0;
				TARGETED_DEVICE_FAMILY = "1,2";
			};
			name = Release;
		};
		C54181A426DADEA700E69BE5 /* Debug */ = {
			isa = XCBuildConfiguration;
			buildSettings = {
				ALWAYS_EMBED_SWIFT_STANDARD_LIBRARIES = YES;
				BUNDLE_LOADER = "$(TEST_HOST)";
				CODE_SIGN_STYLE = Automatic;
				DEVELOPMENT_TEAM = NBA2M3HYSW;
				INFOPLIST_FILE = SkatScoreboardTests/Info.plist;
				IPHONEOS_DEPLOYMENT_TARGET = 14.0;
				LD_RUNPATH_SEARCH_PATHS = (
					"$(inherited)",
					"@executable_path/Frameworks",
					"@loader_path/Frameworks",
				);
				PRODUCT_BUNDLE_IDENTIFIER = org.olafneumann.SkatScoreboardTests;
				PRODUCT_NAME = "$(TARGET_NAME)";
				SWIFT_VERSION = 5.0;
				TARGETED_DEVICE_FAMILY = "1,2";
				TEST_HOST = "$(BUILT_PRODUCTS_DIR)/SkatScoreboard.app/SkatScoreboard";
			};
			name = Debug;
		};
		C54181A526DADEA700E69BE5 /* Release */ = {
			isa = XCBuildConfiguration;
			buildSettings = {
				ALWAYS_EMBED_SWIFT_STANDARD_LIBRARIES = YES;
				BUNDLE_LOADER = "$(TEST_HOST)";
				CODE_SIGN_STYLE = Automatic;
				DEVELOPMENT_TEAM = NBA2M3HYSW;
				INFOPLIST_FILE = SkatScoreboardTests/Info.plist;
				IPHONEOS_DEPLOYMENT_TARGET = 14.0;
				LD_RUNPATH_SEARCH_PATHS = (
					"$(inherited)",
					"@executable_path/Frameworks",
					"@loader_path/Frameworks",
				);
				PRODUCT_BUNDLE_IDENTIFIER = org.olafneumann.SkatScoreboardTests;
				PRODUCT_NAME = "$(TARGET_NAME)";
				SWIFT_VERSION = 5.0;
				TARGETED_DEVICE_FAMILY = "1,2";
				TEST_HOST = "$(BUILT_PRODUCTS_DIR)/SkatScoreboard.app/SkatScoreboard";
			};
			name = Release;
		};
		C54181A726DADEA700E69BE5 /* Debug */ = {
			isa = XCBuildConfiguration;
			buildSettings = {
				ALWAYS_EMBED_SWIFT_STANDARD_LIBRARIES = YES;
				CODE_SIGN_STYLE = Automatic;
				DEVELOPMENT_TEAM = NBA2M3HYSW;
				INFOPLIST_FILE = SkatScoreboardUITests/Info.plist;
				LD_RUNPATH_SEARCH_PATHS = (
					"$(inherited)",
					"@executable_path/Frameworks",
					"@loader_path/Frameworks",
				);
				PRODUCT_BUNDLE_IDENTIFIER = org.olafneumann.SkatScoreboardUITests;
				PRODUCT_NAME = "$(TARGET_NAME)";
				SWIFT_VERSION = 5.0;
				TARGETED_DEVICE_FAMILY = "1,2";
				TEST_TARGET_NAME = SkatScoreboard;
			};
			name = Debug;
		};
		C54181A826DADEA700E69BE5 /* Release */ = {
			isa = XCBuildConfiguration;
			buildSettings = {
				ALWAYS_EMBED_SWIFT_STANDARD_LIBRARIES = YES;
				CODE_SIGN_STYLE = Automatic;
				DEVELOPMENT_TEAM = NBA2M3HYSW;
				INFOPLIST_FILE = SkatScoreboardUITests/Info.plist;
				LD_RUNPATH_SEARCH_PATHS = (
					"$(inherited)",
					"@executable_path/Frameworks",
					"@loader_path/Frameworks",
				);
				PRODUCT_BUNDLE_IDENTIFIER = org.olafneumann.SkatScoreboardUITests;
				PRODUCT_NAME = "$(TARGET_NAME)";
				SWIFT_VERSION = 5.0;
				TARGETED_DEVICE_FAMILY = "1,2";
				TEST_TARGET_NAME = SkatScoreboard;
			};
			name = Release;
		};
/* End XCBuildConfiguration section */

/* Begin XCConfigurationList section */
		C541817126DADEA500E69BE5 /* Build configuration list for PBXProject "SkatScoreboard" */ = {
			isa = XCConfigurationList;
			buildConfigurations = (
				C541819E26DADEA700E69BE5 /* Debug */,
				C541819F26DADEA700E69BE5 /* Release */,
			);
			defaultConfigurationIsVisible = 0;
			defaultConfigurationName = Release;
		};
		C54181A026DADEA700E69BE5 /* Build configuration list for PBXNativeTarget "SkatScoreboard" */ = {
			isa = XCConfigurationList;
			buildConfigurations = (
				C54181A126DADEA700E69BE5 /* Debug */,
				C54181A226DADEA700E69BE5 /* Release */,
			);
			defaultConfigurationIsVisible = 0;
			defaultConfigurationName = Release;
		};
		C54181A326DADEA700E69BE5 /* Build configuration list for PBXNativeTarget "SkatScoreboardTests" */ = {
			isa = XCConfigurationList;
			buildConfigurations = (
				C54181A426DADEA700E69BE5 /* Debug */,
				C54181A526DADEA700E69BE5 /* Release */,
			);
			defaultConfigurationIsVisible = 0;
			defaultConfigurationName = Release;
		};
		C54181A626DADEA700E69BE5 /* Build configuration list for PBXNativeTarget "SkatScoreboardUITests" */ = {
			isa = XCConfigurationList;
			buildConfigurations = (
				C54181A726DADEA700E69BE5 /* Debug */,
				C54181A826DADEA700E69BE5 /* Release */,
			);
			defaultConfigurationIsVisible = 0;
			defaultConfigurationName = Release;
		};
/* End XCConfigurationList section */

/* Begin XCRemoteSwiftPackageReference section */
		C510E34C26DE57B3004D4A53 /* XCRemoteSwiftPackageReference "SlideOverCard" */ = {
			isa = XCRemoteSwiftPackageReference;
			repositoryURL = "https://github.com/joogps/SlideOverCard.git";
			requirement = {
				kind = upToNextMajorVersion;
				minimumVersion = 2.0.0;
			};
		};
/* End XCRemoteSwiftPackageReference section */

/* Begin XCSwiftPackageProductDependency section */
		C510E34D26DE57B3004D4A53 /* SlideOverCard */ = {
			isa = XCSwiftPackageProductDependency;
			package = C510E34C26DE57B3004D4A53 /* XCRemoteSwiftPackageReference "SlideOverCard" */;
			productName = SlideOverCard;
		};
/* End XCSwiftPackageProductDependency section */

/* Begin XCVersionGroup section */
		C541818426DADEA700E69BE5 /* SkatScoreboard.xcdatamodeld */ = {
			isa = XCVersionGroup;
			children = (
				C541818526DADEA700E69BE5 /* SkatScoreboard.xcdatamodel */,
			);
			currentVersion = C541818526DADEA700E69BE5 /* SkatScoreboard.xcdatamodel */;
			path = SkatScoreboard.xcdatamodeld;
			sourceTree = "<group>";
			versionGroupType = wrapper.xcdatamodel;
		};
/* End XCVersionGroup section */
	};
	rootObject = C541816E26DADEA500E69BE5 /* Project object */;
}
